Microsoft Visual Studio Solution File, Format Version 9.00
# Visual Studio 2005
Project("{8BC9CEB8-8B4A-11D0-8D11-00A0C91BC942}") = "Lesson901", "Lesson901.vcproj", "{0E3A9DDE-9AD4-4FB3-1884-D12AA8A5019A}"
	ProjectSection(ProjectDependencies) = postProject
	EndProjectSection
EndProject
Project("{8BC9CEB8-8B4A-11D0-8D11-00A0C91BC942}") = "Lesson902", "Lesson902.vcproj", "{0F3A8FDC-C140-0F86-F864-89A4715EFD94}"
	ProjectSection(ProjectDependencies) = postProject
	EndProjectSection
EndProject
Project("{8BC9CEB8-8B4A-11D0-8D11-00A0C91BC942}") = "Lesson903", "Lesson903.vcproj", "{103A8182-BE72-D390-7D50-5CD6C4279B60}"
	ProjectSection(ProjectDependencies) = postProject
	EndProjectSection
EndProject
Project("{8BC9CEB8-8B4A-11D0-8D11-00A0C91BC942}") = "Lesson904", "Lesson904.vcproj", "{113A73D0-84D0-B943-4459-C1A0421519C8}"
	ProjectSection(ProjectDependencies) = postProject
	EndProjectSection
EndProject
Project("{8BC9CEB8-8B4A-11D0-8D11-00A0C91BC942}") = "Lesson905", "Lesson905.vcproj", "{12399A16-CCB8-2E08-6338-3DCE7AF889FA}"
	ProjectSection(ProjectDependencies) = postProject
	EndProjectSection
EndProject
Project("{8BC9CEB8-8B4A-11D0-8D11-00A0C91BC942}") = "Lesson906", "Lesson906.vcproj", "{13398D61-1F36-FC5F-018F-D877EFAE9B7A}"
	ProjectSection(ProjectDependencies) = postProject
	EndProjectSection
EndProject
EndGlobal
