Microsoft Visual Studio Solution File, Format Version 9.00
# Visual Studio 2005
Project("{8BC9CEB8-8B4A-11D0-8D11-00A0C91BC942}") = "Lesson801", "Lesson801.vcproj", "{0D3AA630-B080-10AC-4614-97A0D8C252E7}"
	ProjectSection(ProjectDependencies) = postProject
	EndProjectSection
EndProject
Project("{8BC9CEB8-8B4A-11D0-8D11-00A0C91BC942}") = "Lesson802", "Lesson802.vcproj", "{0E3A9864-F690-A540-CAF2-331861D830B0}"
	ProjectSection(ProjectDependencies) = postProject
	EndProjectSection
EndProject
Project("{8BC9CEB8-8B4A-11D0-8D11-00A0C91BC942}") = "Lesson803", "Lesson803.vcproj", "{0F3A8A40-4F80-19D0-615B-46005028E70A}"
	ProjectSection(ProjectDependencies) = postProject
	EndProjectSection
EndProject
Project("{8BC9CEB8-8B4A-11D0-8D11-00A0C91BC942}") = "Lesson804", "Lesson804.vcproj", "{103A7CC4-015C-8EF0-A350-9CCC449437D0}"
	ProjectSection(ProjectDependencies) = postProject
	EndProjectSection
EndProject
EndGlobal
