Microsoft Visual Studio Solution File, Format Version 9.00
# Visual Studio 2005
Project("{8BC9CEB8-8B4A-11D0-8D11-00A0C91BC942}") = "Lesson701", "Lesson701.vcproj", "{0C3AAFAA-8CE6-096B-6630-117EEF5063F0}"
	ProjectSection(ProjectDependencies) = postProject
	EndProjectSection
EndProject
Project("{8BC9CEB8-8B4A-11D0-8D11-00A0C91BC942}") = "Lesson702", "Lesson702.vcproj", "{0D3AA114-9BE0-FEFE-C907-144400F1CF73}"
	ProjectSection(ProjectDependencies) = postProject
	EndProjectSection
EndProject
Project("{8BC9CEB8-8B4A-11D0-8D11-00A0C91BC942}") = "Lesson703", "Lesson703.vcproj", "{0E3A9326-1618-7DCB-03C6-60F8E0D3DC2E}"
	ProjectSection(ProjectDependencies) = postProject
	EndProjectSection
EndProject
Project("{8BC9CEB8-8B4A-11D0-8D11-00A0C91BC942}") = "Lesson704", "Lesson704.vcproj", "{0F3A85E0-CC20-D8FB-599E-CDA021F63A14}"
	ProjectSection(ProjectDependencies) = postProject
	EndProjectSection
EndProject
EndGlobal
